// !$*UTF8*$!
{
	archiveVersion = 1;
	classes = {
	};
	objectVersion = 50;
	objects = {

/* Begin PBXBuildFile section */
		D044166824E6E5F3007B1B47 /* AppDelegate.swift in Sources */ = {isa = PBXBuildFile; fileRef = D044166724E6E5F3007B1B47 /* AppDelegate.swift */; };
		D044166A24E6E5F3007B1B47 /* SceneDelegate.swift in Sources */ = {isa = PBXBuildFile; fileRef = D044166924E6E5F3007B1B47 /* SceneDelegate.swift */; };
		D044166C24E6E5F3007B1B47 /* ViewController.swift in Sources */ = {isa = PBXBuildFile; fileRef = D044166B24E6E5F3007B1B47 /* ViewController.swift */; };
		D044166F24E6E5F3007B1B47 /* Main.storyboard in Resources */ = {isa = PBXBuildFile; fileRef = D044166D24E6E5F3007B1B47 /* Main.storyboard */; };
		D044167124E6E5F7007B1B47 /* Assets.xcassets in Resources */ = {isa = PBXBuildFile; fileRef = D044167024E6E5F7007B1B47 /* Assets.xcassets */; };
		D044167424E6E5F7007B1B47 /* LaunchScreen.storyboard in Resources */ = {isa = PBXBuildFile; fileRef = D044167224E6E5F7007B1B47 /* LaunchScreen.storyboard */; };
		D044167F24E6E5F7007B1B47 /* GithubVIPERTests.swift in Sources */ = {isa = PBXBuildFile; fileRef = D044167E24E6E5F7007B1B47 /* GithubVIPERTests.swift */; };
/* End PBXBuildFile section */

/* Begin PBXContainerItemProxy section */
		D044167B24E6E5F7007B1B47 /* PBXContainerItemProxy */ = {
			isa = PBXContainerItemProxy;
			containerPortal = D044165C24E6E5F3007B1B47 /* Project object */;
			proxyType = 1;
			remoteGlobalIDString = D044166324E6E5F3007B1B47;
			remoteInfo = GithubVIPER;
		};
/* End PBXContainerItemProxy section */

/* Begin PBXFileReference section */
		D044166424E6E5F3007B1B47 /* GithubVIPER.app */ = {isa = PBXFileReference; explicitFileType = wrapper.application; includeInIndex = 0; path = GithubVIPER.app; sourceTree = BUILT_PRODUCTS_DIR; };
		D044166724E6E5F3007B1B47 /* AppDelegate.swift */ = {isa = PBXFileReference; lastKnownFileType = sourcecode.swift; path = AppDelegate.swift; sourceTree = "<group>"; };
		D044166924E6E5F3007B1B47 /* SceneDelegate.swift */ = {isa = PBXFileReference; lastKnownFileType = sourcecode.swift; path = SceneDelegate.swift; sourceTree = "<group>"; };
		D044166B24E6E5F3007B1B47 /* ViewController.swift */ = {isa = PBXFileReference; lastKnownFileType = sourcecode.swift; path = ViewController.swift; sourceTree = "<group>"; };
		D044166E24E6E5F3007B1B47 /* Base */ = {isa = PBXFileReference; lastKnownFileType = file.storyboard; name = Base; path = Base.lproj/Main.storyboard; sourceTree = "<group>"; };
		D044167024E6E5F7007B1B47 /* Assets.xcassets */ = {isa = PBXFileReference; lastKnownFileType = folder.assetcatalog; path = Assets.xcassets; sourceTree = "<group>"; };
		D044167324E6E5F7007B1B47 /* Base */ = {isa = PBXFileReference; lastKnownFileType = file.storyboard; name = Base; path = Base.lproj/LaunchScreen.storyboard; sourceTree = "<group>"; };
		D044167524E6E5F7007B1B47 /* Info.plist */ = {isa = PBXFileReference; lastKnownFileType = text.plist.xml; path = Info.plist; sourceTree = "<group>"; };
		D044167A24E6E5F7007B1B47 /* GithubVIPERTests.xctest */ = {isa = PBXFileReference; explicitFileType = wrapper.cfbundle; includeInIndex = 0; path = GithubVIPERTests.xctest; sourceTree = BUILT_PRODUCTS_DIR; };
		D044167E24E6E5F7007B1B47 /* GithubVIPERTests.swift */ = {isa = PBXFileReference; lastKnownFileType = sourcecode.swift; path = GithubVIPERTests.swift; sourceTree = "<group>"; };
		D044168024E6E5F7007B1B47 /* Info.plist */ = {isa = PBXFileReference; lastKnownFileType = text.plist.xml; path = Info.plist; sourceTree = "<group>"; };
/* End PBXFileReference section */

/* Begin PBXFrameworksBuildPhase section */
		D044166124E6E5F3007B1B47 /* Frameworks */ = {
			isa = PBXFrameworksBuildPhase;
			buildActionMask = 2147483647;
			files = (
			);
			runOnlyForDeploymentPostprocessing = 0;
		};
		D044167724E6E5F7007B1B47 /* Frameworks */ = {
			isa = PBXFrameworksBuildPhase;
			buildActionMask = 2147483647;
			files = (
			);
			runOnlyForDeploymentPostprocessing = 0;
		};
/* End PBXFrameworksBuildPhase section */

/* Begin PBXGroup section */
		D044165B24E6E5F3007B1B47 = {
			isa = PBXGroup;
			children = (
				D044166624E6E5F3007B1B47 /* GithubVIPER */,
				D044167D24E6E5F7007B1B47 /* GithubVIPERTests */,
				D044166524E6E5F3007B1B47 /* Products */,
			);
			sourceTree = "<group>";
		};
		D044166524E6E5F3007B1B47 /* Products */ = {
			isa = PBXGroup;
			children = (
				D044166424E6E5F3007B1B47 /* GithubVIPER.app */,
				D044167A24E6E5F7007B1B47 /* GithubVIPERTests.xctest */,
			);
			name = Products;
			sourceTree = "<group>";
		};
		D044166624E6E5F3007B1B47 /* GithubVIPER */ = {
			isa = PBXGroup;
			children = (
				D044166724E6E5F3007B1B47 /* AppDelegate.swift */,
				D044166924E6E5F3007B1B47 /* SceneDelegate.swift */,
				D044166B24E6E5F3007B1B47 /* ViewController.swift */,
				D044166D24E6E5F3007B1B47 /* Main.storyboard */,
				D044167024E6E5F7007B1B47 /* Assets.xcassets */,
				D044167224E6E5F7007B1B47 /* LaunchScreen.storyboard */,
				D044167524E6E5F7007B1B47 /* Info.plist */,
			);
			path = GithubVIPER;
			sourceTree = "<group>";
		};
		D044167D24E6E5F7007B1B47 /* GithubVIPERTests */ = {
			isa = PBXGroup;
			children = (
				D044167E24E6E5F7007B1B47 /* GithubVIPERTests.swift */,
				D044168024E6E5F7007B1B47 /* Info.plist */,
			);
			path = GithubVIPERTests;
			sourceTree = "<group>";
		};
/* End PBXGroup section */

/* Begin PBXNativeTarget section */
		D044166324E6E5F3007B1B47 /* GithubVIPER */ = {
			isa = PBXNativeTarget;
			buildConfigurationList = D044168324E6E5F7007B1B47 /* Build configuration list for PBXNativeTarget "GithubVIPER" */;
			buildPhases = (
				D044166024E6E5F3007B1B47 /* Sources */,
				D044166124E6E5F3007B1B47 /* Frameworks */,
				D044166224E6E5F3007B1B47 /* Resources */,
			);
			buildRules = (
			);
			dependencies = (
			);
			name = GithubVIPER;
			productName = GithubVIPER;
			productReference = D044166424E6E5F3007B1B47 /* GithubVIPER.app */;
			productType = "com.apple.product-type.application";
		};
		D044167924E6E5F7007B1B47 /* GithubVIPERTests */ = {
			isa = PBXNativeTarget;
			buildConfigurationList = D044168624E6E5F7007B1B47 /* Build configuration list for PBXNativeTarget "GithubVIPERTests" */;
			buildPhases = (
				D044167624E6E5F7007B1B47 /* Sources */,
				D044167724E6E5F7007B1B47 /* Frameworks */,
				D044167824E6E5F7007B1B47 /* Resources */,
			);
			buildRules = (
			);
			dependencies = (
				D044167C24E6E5F7007B1B47 /* PBXTargetDependency */,
			);
			name = GithubVIPERTests;
			productName = GithubVIPERTests;
			productReference = D044167A24E6E5F7007B1B47 /* GithubVIPERTests.xctest */;
			productType = "com.apple.product-type.bundle.unit-test";
		};
/* End PBXNativeTarget section */

/* Begin PBXProject section */
		D044165C24E6E5F3007B1B47 /* Project object */ = {
			isa = PBXProject;
			attributes = {
				LastSwiftUpdateCheck = 1120;
				LastUpgradeCheck = 1120;
				ORGANIZATIONNAME = "Mena Gamal";
				TargetAttributes = {
					D044166324E6E5F3007B1B47 = {
						CreatedOnToolsVersion = 11.2.1;
					};
					D044167924E6E5F7007B1B47 = {
						CreatedOnToolsVersion = 11.2.1;
						TestTargetID = D044166324E6E5F3007B1B47;
					};
				};
			};
			buildConfigurationList = D044165F24E6E5F3007B1B47 /* Build configuration list for PBXProject "GithubVIPER" */;
			compatibilityVersion = "Xcode 9.3";
			developmentRegion = en;
			hasScannedForEncodings = 0;
			knownRegions = (
				en,
				Base,
			);
			mainGroup = D044165B24E6E5F3007B1B47;
			productRefGroup = D044166524E6E5F3007B1B47 /* Products */;
			projectDirPath = "";
			projectRoot = "";
			targets = (
				D044166324E6E5F3007B1B47 /* GithubVIPER */,
				D044167924E6E5F7007B1B47 /* GithubVIPERTests */,
			);
		};
/* End PBXProject section */

/* Begin PBXResourcesBuildPhase section */
		D044166224E6E5F3007B1B47 /* Resources */ = {
			isa = PBXResourcesBuildPhase;
			buildActionMask = 2147483647;
			files = (
				D044167424E6E5F7007B1B47 /* LaunchScreen.storyboard in Resources */,
				D044167124E6E5F7007B1B47 /* Assets.xcassets in Resources */,
				D044166F24E6E5F3007B1B47 /* Main.storyboard in Resources */,
			);
			runOnlyForDeploymentPostprocessing = 0;
		};
		D044167824E6E5F7007B1B47 /* Resources */ = {
			isa = PBXResourcesBuildPhase;
			buildActionMask = 2147483647;
			files = (
			);
			runOnlyForDeploymentPostprocessing = 0;
		};
/* End PBXResourcesBuildPhase section */

/* Begin PBXSourcesBuildPhase section */
		D044166024E6E5F3007B1B47 /* Sources */ = {
			isa = PBXSourcesBuildPhase;
			buildActionMask = 2147483647;
			files = (
				D044166C24E6E5F3007B1B47 /* ViewController.swift in Sources */,
				D044166824E6E5F3007B1B47 /* AppDelegate.swift in Sources */,
				D044166A24E6E5F3007B1B47 /* SceneDelegate.swift in Sources */,
			);
			runOnlyForDeploymentPostprocessing = 0;
		};
		D044167624E6E5F7007B1B47 /* Sources */ = {
			isa = PBXSourcesBuildPhase;
			buildActionMask = 2147483647;
			files = (
				D044167F24E6E5F7007B1B47 /* GithubVIPERTests.swift in Sources */,
			);
			runOnlyForDeploymentPostprocessing = 0;
		};
/* End PBXSourcesBuildPhase section */

/* Begin PBXTargetDependency section */
		D044167C24E6E5F7007B1B47 /* PBXTargetDependency */ = {
			isa = PBXTargetDependency;
			target = D044166324E6E5F3007B1B47 /* GithubVIPER */;
			targetProxy = D044167B24E6E5F7007B1B47 /* PBXContainerItemProxy */;
		};
/* End PBXTargetDependency section */

/* Begin PBXVariantGroup section */
		D044166D24E6E5F3007B1B47 /* Main.storyboard */ = {
			isa = PBXVariantGroup;
			children = (
				D044166E24E6E5F3007B1B47 /* Base */,
			);
			name = Main.storyboard;
			sourceTree = "<group>";
		};
		D044167224E6E5F7007B1B47 /* LaunchScreen.storyboard */ = {
			isa = PBXVariantGroup;
			children = (
				D044167324E6E5F7007B1B47 /* Base */,
			);
			name = LaunchScreen.storyboard;
			sourceTree = "<group>";
		};
/* End PBXVariantGroup section */

/* Begin XCBuildConfiguration section */
		D044168124E6E5F7007B1B47 /* Debug */ = {
			isa = XCBuildConfiguration;
			buildSettings = {
				ALWAYS_SEARCH_USER_PATHS = NO;
				CLANG_ANALYZER_NONNULL = YES;
				CLANG_ANALYZER_NUMBER_OBJECT_CONVERSION = YES_AGGRESSIVE;
				CLANG_CXX_LANGUAGE_STANDARD = "gnu++14";
				CLANG_CXX_LIBRARY = "libc++";
				CLANG_ENABLE_MODULES = YES;
				CLANG_ENABLE_OBJC_ARC = YES;
				CLANG_ENABLE_OBJC_WEAK = YES;
				CLANG_WARN_BLOCK_CAPTURE_AUTORELEASING = YES;
				CLANG_WARN_BOOL_CONVERSION = YES;
				CLANG_WARN_COMMA = YES;
				CLANG_WARN_CONSTANT_CONVERSION = YES;
				CLANG_WARN_DEPRECATED_OBJC_IMPLEMENTATIONS = YES;
				CLANG_WARN_DIRECT_OBJC_ISA_USAGE = YES_ERROR;
				CLANG_WARN_DOCUMENTATION_COMMENTS = YES;
				CLANG_WARN_EMPTY_BODY = YES;
				CLANG_WARN_ENUM_CONVERSION = YES;
				CLANG_WARN_INFINITE_RECURSION = YES;
				CLANG_WARN_INT_CONVERSION = YES;
				CLANG_WARN_NON_LITERAL_NULL_CONVERSION = YES;
				CLANG_WARN_OBJC_IMPLICIT_RETAIN_SELF = YES;
				CLANG_WARN_OBJC_LITERAL_CONVERSION = YES;
				CLANG_WARN_OBJC_ROOT_CLASS = YES_ERROR;
				CLANG_WARN_RANGE_LOOP_ANALYSIS = YES;
				CLANG_WARN_STRICT_PROTOTYPES = YES;
				CLANG_WARN_SUSPICIOUS_MOVE = YES;
				CLANG_WARN_UNGUARDED_AVAILABILITY = YES_AGGRESSIVE;
				CLANG_WARN_UNREACHABLE_CODE = YES;
				CLANG_WARN__DUPLICATE_METHOD_MATCH = YES;
				COPY_PHASE_STRIP = NO;
				DEBUG_INFORMATION_FORMAT = dwarf;
				ENABLE_STRICT_OBJC_MSGSEND = YES;
				ENABLE_TESTABILITY = YES;
				GCC_C_LANGUAGE_STANDARD = gnu11;
				GCC_DYNAMIC_NO_PIC = NO;
				GCC_NO_COMMON_BLOCKS = YES;
				GCC_OPTIMIZATION_LEVEL = 0;
				GCC_PREPROCESSOR_DEFINITIONS = (
					"DEBUG=1",
					"$(inherited)",
				);
				GCC_WARN_64_TO_32_BIT_CONVERSION = YES;
				GCC_WARN_ABOUT_RETURN_TYPE = YES_ERROR;
				GCC_WARN_UNDECLARED_SELECTOR = YES;
				GCC_WARN_UNINITIALIZED_AUTOS = YES_AGGRESSIVE;
				GCC_WARN_UNUSED_FUNCTION = YES;
				GCC_WARN_UNUSED_VARIABLE = YES;
				IPHONEOS_DEPLOYMENT_TARGET = 13.2;
				MTL_ENABLE_DEBUG_INFO = INCLUDE_SOURCE;
				MTL_FAST_MATH = YES;
				ONLY_ACTIVE_ARCH = YES;
				SDKROOT = iphoneos;
				SWIFT_ACTIVE_COMPILATION_CONDITIONS = DEBUG;
				SWIFT_OPTIMIZATION_LEVEL = "-Onone";
			};
			name = Debug;
		};
		D044168224E6E5F7007B1B47 /* Release */ = {
			isa = XCBuildConfiguration;
			buildSettings = {
				ALWAYS_SEARCH_USER_PATHS = NO;
				CLANG_ANALYZER_NONNULL = YES;
				CLANG_ANALYZER_NUMBER_OBJECT_CONVERSION = YES_AGGRESSIVE;
				CLANG_CXX_LANGUAGE_STANDARD = "gnu++14";
				CLANG_CXX_LIBRARY = "libc++";
				CLANG_ENABLE_MODULES = YES;
				CLANG_ENABLE_OBJC_ARC = YES;
				CLANG_ENABLE_OBJC_WEAK = YES;
				CLANG_WARN_BLOCK_CAPTURE_AUTORELEASING = YES;
				CLANG_WARN_BOOL_CONVERSION = YES;
				CLANG_WARN_COMMA = YES;
				CLANG_WARN_CONSTANT_CONVERSION = YES;
				CLANG_WARN_DEPRECATED_OBJC_IMPLEMENTATIONS = YES;
				CLANG_WARN_DIRECT_OBJC_ISA_USAGE = YES_ERROR;
				CLANG_WARN_DOCUMENTATION_COMMENTS = YES;
				CLANG_WARN_EMPTY_BODY = YES;
				CLANG_WARN_ENUM_CONVERSION = YES;
				CLANG_WARN_INFINITE_RECURSION = YES;
				CLANG_WARN_INT_CONVERSION = YES;
				CLANG_WARN_NON_LITERAL_NULL_CONVERSION = YES;
				CLANG_WARN_OBJC_IMPLICIT_RETAIN_SELF = YES;
				CLANG_WARN_OBJC_LITERAL_CONVERSION = YES;
				CLANG_WARN_OBJC_ROOT_CLASS = YES_ERROR;
				CLANG_WARN_RANGE_LOOP_ANALYSIS = YES;
				CLANG_WARN_STRICT_PROTOTYPES = YES;
				CLANG_WARN_SUSPICIOUS_MOVE = YES;
				CLANG_WARN_UNGUARDED_AVAILABILITY = YES_AGGRESSIVE;
				CLANG_WARN_UNREACHABLE_CODE = YES;
				CLANG_WARN__DUPLICATE_METHOD_MATCH = YES;
				COPY_PHASE_STRIP = NO;
				DEBUG_INFORMATION_FORMAT = "dwarf-with-dsym";
				ENABLE_NS_ASSERTIONS = NO;
				ENABLE_STRICT_OBJC_MSGSEND = YES;
				GCC_C_LANGUAGE_STANDARD = gnu11;
				GCC_NO_COMMON_BLOCKS = YES;
				GCC_WARN_64_TO_32_BIT_CONVERSION = YES;
				GCC_WARN_ABOUT_RETURN_TYPE = YES_ERROR;
				GCC_WARN_UNDECLARED_SELECTOR = YES;
				GCC_WARN_UNINITIALIZED_AUTOS = YES_AGGRESSIVE;
				GCC_WARN_UNUSED_FUNCTION = YES;
				GCC_WARN_UNUSED_VARIABLE = YES;
				IPHONEOS_DEPLOYMENT_TARGET = 13.2;
				MTL_ENABLE_DEBUG_INFO = NO;
				MTL_FAST_MATH = YES;
				SDKROOT = iphoneos;
				SWIFT_COMPILATION_MODE = wholemodule;
				SWIFT_OPTIMIZATION_LEVEL = "-O";
				VALIDATE_PRODUCT = YES;
			};
			name = Release;
		};
		D044168424E6E5F7007B1B47 /* Debug */ = {
			isa = XCBuildConfiguration;
			buildSettings = {
				ASSETCATALOG_COMPILER_APPICON_NAME = AppIcon;
				CODE_SIGN_STYLE = Automatic;
				DEVELOPMENT_TEAM = RHBB3377R2;
				INFOPLIST_FILE = GithubVIPER/Info.plist;
				LD_RUNPATH_SEARCH_PATHS = (
					"$(inherited)",
					"@executable_path/Frameworks",
				);
				PRODUCT_BUNDLE_IDENTIFIER = sa.waqood.coins.GithubVIPER;
				PRODUCT_NAME = "$(TARGET_NAME)";
				SWIFT_VERSION = 5.0;
				TARGETED_DEVICE_FAMILY = "1,2";
			};
			name = Debug;
		};
		D044168524E6E5F7007B1B47 /* Release */ = {
			isa = XCBuildConfiguration;
			buildSettings = {
				ASSETCATALOG_COMPILER_APPICON_NAME = AppIcon;
				CODE_SIGN_STYLE = Automatic;
				DEVELOPMENT_TEAM = RHBB3377R2;
				INFOPLIST_FILE = GithubVIPER/Info.plist;
				LD_RUNPATH_SEARCH_PATHS = (
					"$(inherited)",
					"@executable_path/Frameworks",
				);
				PRODUCT_BUNDLE_IDENTIFIER = sa.waqood.coins.GithubVIPER;
				PRODUCT_NAME = "$(TARGET_NAME)";
				SWIFT_VERSION = 5.0;
				TARGETED_DEVICE_FAMILY = "1,2";
			};
			name = Release;
		};
		D044168724E6E5F7007B1B47 /* Debug */ = {
			isa = XCBuildConfiguration;
			buildSettings = {
				ALWAYS_EMBED_SWIFT_STANDARD_LIBRARIES = YES;
				BUNDLE_LOADER = "$(TEST_HOST)";
				CODE_SIGN_STYLE = Automatic;
				DEVELOPMENT_TEAM = RHBB3377R2;
				INFOPLIST_FILE = GithubVIPERTests/Info.plist;
				IPHONEOS_DEPLOYMENT_TARGET = 13.2;
				LD_RUNPATH_SEARCH_PATHS = (
					"$(inherited)",
					"@executable_path/Frameworks",
					"@loader_path/Frameworks",
				);
				PRODUCT_BUNDLE_IDENTIFIER = sa.waqood.coins.GithubVIPERTests;
				PRODUCT_NAME = "$(TARGET_NAME)";
				SWIFT_VERSION = 5.0;
				TARGETED_DEVICE_FAMILY = "1,2";
				TEST_HOST = "$(BUILT_PRODUCTS_DIR)/GithubVIPER.app/GithubVIPER";
			};
			name = Debug;
		};
		D044168824E6E5F7007B1B47 /* Release */ = {
			isa = XCBuildConfiguration;
			buildSettings = {
				ALWAYS_EMBED_SWIFT_STANDARD_LIBRARIES = YES;
				BUNDLE_LOADER = "$(TEST_HOST)";
				CODE_SIGN_STYLE = Automatic;
				DEVELOPMENT_TEAM = RHBB3377R2;
				INFOPLIST_FILE = GithubVIPERTests/Info.plist;
				IPHONEOS_DEPLOYMENT_TARGET = 13.2;
				LD_RUNPATH_SEARCH_PATHS = (
					"$(inherited)",
					"@executable_path/Frameworks",
					"@loader_path/Frameworks",
				);
				PRODUCT_BUNDLE_IDENTIFIER = sa.waqood.coins.GithubVIPERTests;
				PRODUCT_NAME = "$(TARGET_NAME)";
				SWIFT_VERSION = 5.0;
				TARGETED_DEVICE_FAMILY = "1,2";
				TEST_HOST = "$(BUILT_PRODUCTS_DIR)/GithubVIPER.app/GithubVIPER";
			};
			name = Release;
		};
/* End XCBuildConfiguration section */

/* Begin XCConfigurationList section */
		D044165F24E6E5F3007B1B47 /* Build configuration list for PBXProject "GithubVIPER" */ = {
			isa = XCConfigurationList;
			buildConfigurations = (
				D044168124E6E5F7007B1B47 /* Debug */,
				D044168224E6E5F7007B1B47 /* Release */,
			);
			defaultConfigurationIsVisible = 0;
			defaultConfigurationName = Release;
		};
		D044168324E6E5F7007B1B47 /* Build configuration list for PBXNativeTarget "GithubVIPER" */ = {
			isa = XCConfigurationList;
			buildConfigurations = (
				D044168424E6E5F7007B1B47 /* Debug */,
				D044168524E6E5F7007B1B47 /* Release */,
			);
			defaultConfigurationIsVisible = 0;
			defaultConfigurationName = Release;
		};
		D044168624E6E5F7007B1B47 /* Build configuration list for PBXNativeTarget "GithubVIPERTests" */ = {
			isa = XCConfigurationList;
			buildConfigurations = (
				D044168724E6E5F7007B1B47 /* Debug */,
				D044168824E6E5F7007B1B47 /* Release */,
			);
			defaultConfigurationIsVisible = 0;
			defaultConfigurationName = Release;
		};
/* End XCConfigurationList section */
	};
	rootObject = D044165C24E6E5F3007B1B47 /* Project object */;
}
