// !$*UTF8*$!
{
	archiveVersion = 1;
	classes = {
	};
	objectVersion = 51;
	objects = {

/* Begin PBXBuildFile section */
		70C31DE898469A7F1E5143F6 /* Pods_GithubVIPERTests.framework in Frameworks */ = {isa = PBXBuildFile; fileRef = EB2CD519175EC8CE6D92EAD4 /* Pods_GithubVIPERTests.framework */; };
		B4887D6477411A6F8971393E /* Pods_GithubVIPER.framework in Frameworks */ = {isa = PBXBuildFile; fileRef = 4DFB77D90E2704B7197B1FD2 /* Pods_GithubVIPER.framework */; };
		D039DB4424E7C06A00211078 /* UISegmentedControl+Extentions.swift in Sources */ = {isa = PBXBuildFile; fileRef = D039DB4324E7C06A00211078 /* UISegmentedControl+Extentions.swift */; };
		D039DB4924E7C7B000211078 /* Owner.swift in Sources */ = {isa = PBXBuildFile; fileRef = D039DB4624E7C7B000211078 /* Owner.swift */; };
		D039DB4A24E7C7B000211078 /* FetchReposResponse.swift in Sources */ = {isa = PBXBuildFile; fileRef = D039DB4724E7C7B000211078 /* FetchReposResponse.swift */; };
		D039DB4D24E7CE1200211078 /* Repos.swift in Sources */ = {isa = PBXBuildFile; fileRef = D039DB4C24E7CE1200211078 /* Repos.swift */; };
		D039DB5624E7E0F600211078 /* DetailsPresenter.swift in Sources */ = {isa = PBXBuildFile; fileRef = D039DB4F24E7E0F600211078 /* DetailsPresenter.swift */; };
		D039DB5724E7E0F600211078 /* DetailsRouter.swift in Sources */ = {isa = PBXBuildFile; fileRef = D039DB5024E7E0F600211078 /* DetailsRouter.swift */; };
		D039DB5824E7E0F600211078 /* DetailsViewController.swift in Sources */ = {isa = PBXBuildFile; fileRef = D039DB5124E7E0F600211078 /* DetailsViewController.swift */; };
		D039DB5924E7E0F600211078 /* DetailsProtocols.swift in Sources */ = {isa = PBXBuildFile; fileRef = D039DB5224E7E0F600211078 /* DetailsProtocols.swift */; };
		D039DB5A24E7E0F600211078 /* DetailsInteractor.swift in Sources */ = {isa = PBXBuildFile; fileRef = D039DB5324E7E0F600211078 /* DetailsInteractor.swift */; };
		D039DB5B24E7E0F600211078 /* DetailsConfig.swift in Sources */ = {isa = PBXBuildFile; fileRef = D039DB5424E7E0F600211078 /* DetailsConfig.swift */; };
		D039DB5C24E7E0F600211078 /* DetailsViewController.xib in Resources */ = {isa = PBXBuildFile; fileRef = D039DB5524E7E0F600211078 /* DetailsViewController.xib */; };
		D044166824E6E5F3007B1B47 /* AppDelegate.swift in Sources */ = {isa = PBXBuildFile; fileRef = D044166724E6E5F3007B1B47 /* AppDelegate.swift */; };
		D044166A24E6E5F3007B1B47 /* SceneDelegate.swift in Sources */ = {isa = PBXBuildFile; fileRef = D044166924E6E5F3007B1B47 /* SceneDelegate.swift */; };
		D044166F24E6E5F3007B1B47 /* Main.storyboard in Resources */ = {isa = PBXBuildFile; fileRef = D044166D24E6E5F3007B1B47 /* Main.storyboard */; };
		D044167124E6E5F7007B1B47 /* Assets.xcassets in Resources */ = {isa = PBXBuildFile; fileRef = D044167024E6E5F7007B1B47 /* Assets.xcassets */; };
		D044167424E6E5F7007B1B47 /* LaunchScreen.storyboard in Resources */ = {isa = PBXBuildFile; fileRef = D044167224E6E5F7007B1B47 /* LaunchScreen.storyboard */; };
		D044167F24E6E5F7007B1B47 /* GithubVIPERTests.swift in Sources */ = {isa = PBXBuildFile; fileRef = D044167E24E6E5F7007B1B47 /* GithubVIPERTests.swift */; };
		D044169824E6EC64007B1B47 /* BaseConfig.swift in Sources */ = {isa = PBXBuildFile; fileRef = D044168B24E6EC64007B1B47 /* BaseConfig.swift */; };
		D044169924E6EC64007B1B47 /* BaseInteractor.swift in Sources */ = {isa = PBXBuildFile; fileRef = D044168D24E6EC64007B1B47 /* BaseInteractor.swift */; };
		D044169A24E6EC64007B1B47 /* BaseConstant.swift in Sources */ = {isa = PBXBuildFile; fileRef = D044168F24E6EC64007B1B47 /* BaseConstant.swift */; };
		D044169B24E6EC64007B1B47 /* BaseResponse.swift in Sources */ = {isa = PBXBuildFile; fileRef = D044169124E6EC64007B1B47 /* BaseResponse.swift */; };
		D044169C24E6EC64007B1B47 /* BaseViewController.swift in Sources */ = {isa = PBXBuildFile; fileRef = D044169324E6EC64007B1B47 /* BaseViewController.swift */; };
		D044169D24E6EC64007B1B47 /* KeyboardViewController.swift in Sources */ = {isa = PBXBuildFile; fileRef = D044169424E6EC64007B1B47 /* KeyboardViewController.swift */; };
		D044169E24E6EC64007B1B47 /* BaseView.swift in Sources */ = {isa = PBXBuildFile; fileRef = D044169524E6EC64007B1B47 /* BaseView.swift */; };
		D044169F24E6EC64007B1B47 /* BasePresenter.swift in Sources */ = {isa = PBXBuildFile; fileRef = D044169724E6EC64007B1B47 /* BasePresenter.swift */; };
		D04416A324E6ECB8007B1B47 /* CActivityIndicator.swift in Sources */ = {isa = PBXBuildFile; fileRef = D04416A224E6ECB8007B1B47 /* CActivityIndicator.swift */; };
		D04416A924E6EDDD007B1B47 /* AppTargetConstant.swift in Sources */ = {isa = PBXBuildFile; fileRef = D04416A724E6EDDD007B1B47 /* AppTargetConstant.swift */; };
		D04416AA24E6EDDD007B1B47 /* AppTarget.swift in Sources */ = {isa = PBXBuildFile; fileRef = D04416A824E6EDDD007B1B47 /* AppTarget.swift */; };
		D04416B224E6EE97007B1B47 /* HomePresenter.swift in Sources */ = {isa = PBXBuildFile; fileRef = D04416AB24E6EE97007B1B47 /* HomePresenter.swift */; };
		D04416B324E6EE97007B1B47 /* HomeRouter.swift in Sources */ = {isa = PBXBuildFile; fileRef = D04416AC24E6EE97007B1B47 /* HomeRouter.swift */; };
		D04416B424E6EE97007B1B47 /* HomeViewController.swift in Sources */ = {isa = PBXBuildFile; fileRef = D04416AD24E6EE97007B1B47 /* HomeViewController.swift */; };
		D04416B524E6EE97007B1B47 /* HomeProtocols.swift in Sources */ = {isa = PBXBuildFile; fileRef = D04416AE24E6EE97007B1B47 /* HomeProtocols.swift */; };
		D04416B624E6EE97007B1B47 /* HomeInteractor.swift in Sources */ = {isa = PBXBuildFile; fileRef = D04416AF24E6EE97007B1B47 /* HomeInteractor.swift */; };
		D04416B724E6EE97007B1B47 /* HomeConfig.swift in Sources */ = {isa = PBXBuildFile; fileRef = D04416B024E6EE97007B1B47 /* HomeConfig.swift */; };
		D04416BB24E6EF39007B1B47 /* Palette.swift in Sources */ = {isa = PBXBuildFile; fileRef = D04416BA24E6EF39007B1B47 /* Palette.swift */; };
		D04416C424E700FF007B1B47 /* RepoPresenter.swift in Sources */ = {isa = PBXBuildFile; fileRef = D04416BD24E700FF007B1B47 /* RepoPresenter.swift */; };
		D04416C524E700FF007B1B47 /* RepoRouter.swift in Sources */ = {isa = PBXBuildFile; fileRef = D04416BE24E700FF007B1B47 /* RepoRouter.swift */; };
		D04416C624E700FF007B1B47 /* RepoViewController.swift in Sources */ = {isa = PBXBuildFile; fileRef = D04416BF24E700FF007B1B47 /* RepoViewController.swift */; };
		D04416C724E700FF007B1B47 /* RepoProtocols.swift in Sources */ = {isa = PBXBuildFile; fileRef = D04416C024E700FF007B1B47 /* RepoProtocols.swift */; };
		D04416C824E700FF007B1B47 /* RepoInteractor.swift in Sources */ = {isa = PBXBuildFile; fileRef = D04416C124E700FF007B1B47 /* RepoInteractor.swift */; };
		D04416C924E700FF007B1B47 /* RepoConfig.swift in Sources */ = {isa = PBXBuildFile; fileRef = D04416C224E700FF007B1B47 /* RepoConfig.swift */; };
		D04416CA24E700FF007B1B47 /* RepoViewController.xib in Resources */ = {isa = PBXBuildFile; fileRef = D04416C324E700FF007B1B47 /* RepoViewController.xib */; };
		D04416CF24E72E7B007B1B47 /* UIView+Extentions.swift in Sources */ = {isa = PBXBuildFile; fileRef = D04416CC24E72E7B007B1B47 /* UIView+Extentions.swift */; };
		D04416D024E72E7B007B1B47 /* Date+Extensions.swift in Sources */ = {isa = PBXBuildFile; fileRef = D04416CD24E72E7B007B1B47 /* Date+Extensions.swift */; };
		D04416D124E72E7B007B1B47 /* UIViewController+Extentions.swift in Sources */ = {isa = PBXBuildFile; fileRef = D04416CE24E72E7B007B1B47 /* UIViewController+Extentions.swift */; };
		D04416D524E73D03007B1B47 /* RepoTableViewCell.swift in Sources */ = {isa = PBXBuildFile; fileRef = D04416D324E73D03007B1B47 /* RepoTableViewCell.swift */; };
		D04416D624E73D03007B1B47 /* RepoTableViewCell.xib in Resources */ = {isa = PBXBuildFile; fileRef = D04416D424E73D03007B1B47 /* RepoTableViewCell.xib */; };
		D04416D824E73E9C007B1B47 /* RepoCellDataSource.swift in Sources */ = {isa = PBXBuildFile; fileRef = D04416D724E73E9C007B1B47 /* RepoCellDataSource.swift */; };
/* End PBXBuildFile section */

/* Begin PBXContainerItemProxy section */
		D044167B24E6E5F7007B1B47 /* PBXContainerItemProxy */ = {
			isa = PBXContainerItemProxy;
			containerPortal = D044165C24E6E5F3007B1B47 /* Project object */;
			proxyType = 1;
			remoteGlobalIDString = D044166324E6E5F3007B1B47;
			remoteInfo = GithubVIPER;
		};
/* End PBXContainerItemProxy section */

/* Begin PBXFileReference section */
		2343A311F81C39AAEA30F305 /* Pods-GithubVIPERTests.debug.xcconfig */ = {isa = PBXFileReference; includeInIndex = 1; lastKnownFileType = text.xcconfig; name = "Pods-GithubVIPERTests.debug.xcconfig"; path = "Target Support Files/Pods-GithubVIPERTests/Pods-GithubVIPERTests.debug.xcconfig"; sourceTree = "<group>"; };
		2A466C628E4562505BDB7462 /* Pods-GithubVIPER.release.xcconfig */ = {isa = PBXFileReference; includeInIndex = 1; lastKnownFileType = text.xcconfig; name = "Pods-GithubVIPER.release.xcconfig"; path = "Target Support Files/Pods-GithubVIPER/Pods-GithubVIPER.release.xcconfig"; sourceTree = "<group>"; };
		4DFB77D90E2704B7197B1FD2 /* Pods_GithubVIPER.framework */ = {isa = PBXFileReference; explicitFileType = wrapper.framework; includeInIndex = 0; path = Pods_GithubVIPER.framework; sourceTree = BUILT_PRODUCTS_DIR; };
		A2811C4FE4D4881ABC1224B6 /* Pods-GithubVIPER.debug.xcconfig */ = {isa = PBXFileReference; includeInIndex = 1; lastKnownFileType = text.xcconfig; name = "Pods-GithubVIPER.debug.xcconfig"; path = "Target Support Files/Pods-GithubVIPER/Pods-GithubVIPER.debug.xcconfig"; sourceTree = "<group>"; };
		D039DB4324E7C06A00211078 /* UISegmentedControl+Extentions.swift */ = {isa = PBXFileReference; lastKnownFileType = sourcecode.swift; path = "UISegmentedControl+Extentions.swift"; sourceTree = "<group>"; };
		D039DB4624E7C7B000211078 /* Owner.swift */ = {isa = PBXFileReference; fileEncoding = 4; lastKnownFileType = sourcecode.swift; path = Owner.swift; sourceTree = "<group>"; };
		D039DB4724E7C7B000211078 /* FetchReposResponse.swift */ = {isa = PBXFileReference; fileEncoding = 4; lastKnownFileType = sourcecode.swift; path = FetchReposResponse.swift; sourceTree = "<group>"; };
		D039DB4C24E7CE1200211078 /* Repos.swift */ = {isa = PBXFileReference; fileEncoding = 4; lastKnownFileType = sourcecode.swift; path = Repos.swift; sourceTree = "<group>"; };
		D039DB4F24E7E0F600211078 /* DetailsPresenter.swift */ = {isa = PBXFileReference; lastKnownFileType = sourcecode.swift; path = DetailsPresenter.swift; sourceTree = "<group>"; };
		D039DB5024E7E0F600211078 /* DetailsRouter.swift */ = {isa = PBXFileReference; lastKnownFileType = sourcecode.swift; path = DetailsRouter.swift; sourceTree = "<group>"; };
		D039DB5124E7E0F600211078 /* DetailsViewController.swift */ = {isa = PBXFileReference; lastKnownFileType = sourcecode.swift; path = DetailsViewController.swift; sourceTree = "<group>"; };
		D039DB5224E7E0F600211078 /* DetailsProtocols.swift */ = {isa = PBXFileReference; lastKnownFileType = sourcecode.swift; path = DetailsProtocols.swift; sourceTree = "<group>"; };
		D039DB5324E7E0F600211078 /* DetailsInteractor.swift */ = {isa = PBXFileReference; lastKnownFileType = sourcecode.swift; path = DetailsInteractor.swift; sourceTree = "<group>"; };
		D039DB5424E7E0F600211078 /* DetailsConfig.swift */ = {isa = PBXFileReference; lastKnownFileType = sourcecode.swift; path = DetailsConfig.swift; sourceTree = "<group>"; };
		D039DB5524E7E0F600211078 /* DetailsViewController.xib */ = {isa = PBXFileReference; lastKnownFileType = file.xib; path = DetailsViewController.xib; sourceTree = "<group>"; };
		D044166424E6E5F3007B1B47 /* GithubVIPER.app */ = {isa = PBXFileReference; explicitFileType = wrapper.application; includeInIndex = 0; path = GithubVIPER.app; sourceTree = BUILT_PRODUCTS_DIR; };
		D044166724E6E5F3007B1B47 /* AppDelegate.swift */ = {isa = PBXFileReference; lastKnownFileType = sourcecode.swift; path = AppDelegate.swift; sourceTree = "<group>"; };
		D044166924E6E5F3007B1B47 /* SceneDelegate.swift */ = {isa = PBXFileReference; lastKnownFileType = sourcecode.swift; path = SceneDelegate.swift; sourceTree = "<group>"; };
		D044166E24E6E5F3007B1B47 /* Base */ = {isa = PBXFileReference; lastKnownFileType = file.storyboard; name = Base; path = Base.lproj/Main.storyboard; sourceTree = "<group>"; };
		D044167024E6E5F7007B1B47 /* Assets.xcassets */ = {isa = PBXFileReference; lastKnownFileType = folder.assetcatalog; path = Assets.xcassets; sourceTree = "<group>"; };
		D044167324E6E5F7007B1B47 /* Base */ = {isa = PBXFileReference; lastKnownFileType = file.storyboard; name = Base; path = Base.lproj/LaunchScreen.storyboard; sourceTree = "<group>"; };
		D044167524E6E5F7007B1B47 /* Info.plist */ = {isa = PBXFileReference; lastKnownFileType = text.plist.xml; path = Info.plist; sourceTree = "<group>"; };
		D044167A24E6E5F7007B1B47 /* GithubVIPERTests.xctest */ = {isa = PBXFileReference; explicitFileType = wrapper.cfbundle; includeInIndex = 0; path = GithubVIPERTests.xctest; sourceTree = BUILT_PRODUCTS_DIR; };
		D044167E24E6E5F7007B1B47 /* GithubVIPERTests.swift */ = {isa = PBXFileReference; lastKnownFileType = sourcecode.swift; path = GithubVIPERTests.swift; sourceTree = "<group>"; };
		D044168024E6E5F7007B1B47 /* Info.plist */ = {isa = PBXFileReference; lastKnownFileType = text.plist.xml; path = Info.plist; sourceTree = "<group>"; };
		D044168B24E6EC64007B1B47 /* BaseConfig.swift */ = {isa = PBXFileReference; fileEncoding = 4; lastKnownFileType = sourcecode.swift; path = BaseConfig.swift; sourceTree = "<group>"; };
		D044168D24E6EC64007B1B47 /* BaseInteractor.swift */ = {isa = PBXFileReference; fileEncoding = 4; lastKnownFileType = sourcecode.swift; path = BaseInteractor.swift; sourceTree = "<group>"; };
		D044168F24E6EC64007B1B47 /* BaseConstant.swift */ = {isa = PBXFileReference; fileEncoding = 4; lastKnownFileType = sourcecode.swift; path = BaseConstant.swift; sourceTree = "<group>"; };
		D044169124E6EC64007B1B47 /* BaseResponse.swift */ = {isa = PBXFileReference; fileEncoding = 4; lastKnownFileType = sourcecode.swift; path = BaseResponse.swift; sourceTree = "<group>"; };
		D044169324E6EC64007B1B47 /* BaseViewController.swift */ = {isa = PBXFileReference; fileEncoding = 4; lastKnownFileType = sourcecode.swift; path = BaseViewController.swift; sourceTree = "<group>"; };
		D044169424E6EC64007B1B47 /* KeyboardViewController.swift */ = {isa = PBXFileReference; fileEncoding = 4; lastKnownFileType = sourcecode.swift; path = KeyboardViewController.swift; sourceTree = "<group>"; };
		D044169524E6EC64007B1B47 /* BaseView.swift */ = {isa = PBXFileReference; fileEncoding = 4; lastKnownFileType = sourcecode.swift; path = BaseView.swift; sourceTree = "<group>"; };
		D044169724E6EC64007B1B47 /* BasePresenter.swift */ = {isa = PBXFileReference; fileEncoding = 4; lastKnownFileType = sourcecode.swift; path = BasePresenter.swift; sourceTree = "<group>"; };
		D04416A224E6ECB8007B1B47 /* CActivityIndicator.swift */ = {isa = PBXFileReference; fileEncoding = 4; lastKnownFileType = sourcecode.swift; path = CActivityIndicator.swift; sourceTree = "<group>"; };
		D04416A724E6EDDD007B1B47 /* AppTargetConstant.swift */ = {isa = PBXFileReference; fileEncoding = 4; lastKnownFileType = sourcecode.swift; path = AppTargetConstant.swift; sourceTree = "<group>"; };
		D04416A824E6EDDD007B1B47 /* AppTarget.swift */ = {isa = PBXFileReference; fileEncoding = 4; lastKnownFileType = sourcecode.swift; path = AppTarget.swift; sourceTree = "<group>"; };
		D04416AB24E6EE97007B1B47 /* HomePresenter.swift */ = {isa = PBXFileReference; lastKnownFileType = sourcecode.swift; path = HomePresenter.swift; sourceTree = "<group>"; };
		D04416AC24E6EE97007B1B47 /* HomeRouter.swift */ = {isa = PBXFileReference; lastKnownFileType = sourcecode.swift; path = HomeRouter.swift; sourceTree = "<group>"; };
		D04416AD24E6EE97007B1B47 /* HomeViewController.swift */ = {isa = PBXFileReference; lastKnownFileType = sourcecode.swift; path = HomeViewController.swift; sourceTree = "<group>"; };
		D04416AE24E6EE97007B1B47 /* HomeProtocols.swift */ = {isa = PBXFileReference; lastKnownFileType = sourcecode.swift; path = HomeProtocols.swift; sourceTree = "<group>"; };
		D04416AF24E6EE97007B1B47 /* HomeInteractor.swift */ = {isa = PBXFileReference; lastKnownFileType = sourcecode.swift; path = HomeInteractor.swift; sourceTree = "<group>"; };
		D04416B024E6EE97007B1B47 /* HomeConfig.swift */ = {isa = PBXFileReference; lastKnownFileType = sourcecode.swift; path = HomeConfig.swift; sourceTree = "<group>"; };
		D04416BA24E6EF39007B1B47 /* Palette.swift */ = {isa = PBXFileReference; lastKnownFileType = sourcecode.swift; path = Palette.swift; sourceTree = "<group>"; };
		D04416BD24E700FF007B1B47 /* RepoPresenter.swift */ = {isa = PBXFileReference; lastKnownFileType = sourcecode.swift; path = RepoPresenter.swift; sourceTree = "<group>"; };
		D04416BE24E700FF007B1B47 /* RepoRouter.swift */ = {isa = PBXFileReference; lastKnownFileType = sourcecode.swift; path = RepoRouter.swift; sourceTree = "<group>"; };
		D04416BF24E700FF007B1B47 /* RepoViewController.swift */ = {isa = PBXFileReference; lastKnownFileType = sourcecode.swift; path = RepoViewController.swift; sourceTree = "<group>"; };
		D04416C024E700FF007B1B47 /* RepoProtocols.swift */ = {isa = PBXFileReference; lastKnownFileType = sourcecode.swift; path = RepoProtocols.swift; sourceTree = "<group>"; };
		D04416C124E700FF007B1B47 /* RepoInteractor.swift */ = {isa = PBXFileReference; lastKnownFileType = sourcecode.swift; path = RepoInteractor.swift; sourceTree = "<group>"; };
		D04416C224E700FF007B1B47 /* RepoConfig.swift */ = {isa = PBXFileReference; lastKnownFileType = sourcecode.swift; path = RepoConfig.swift; sourceTree = "<group>"; };
		D04416C324E700FF007B1B47 /* RepoViewController.xib */ = {isa = PBXFileReference; lastKnownFileType = file.xib; path = RepoViewController.xib; sourceTree = "<group>"; };
		D04416CC24E72E7B007B1B47 /* UIView+Extentions.swift */ = {isa = PBXFileReference; fileEncoding = 4; lastKnownFileType = sourcecode.swift; path = "UIView+Extentions.swift"; sourceTree = "<group>"; };
		D04416CD24E72E7B007B1B47 /* Date+Extensions.swift */ = {isa = PBXFileReference; fileEncoding = 4; lastKnownFileType = sourcecode.swift; path = "Date+Extensions.swift"; sourceTree = "<group>"; };
		D04416CE24E72E7B007B1B47 /* UIViewController+Extentions.swift */ = {isa = PBXFileReference; fileEncoding = 4; lastKnownFileType = sourcecode.swift; path = "UIViewController+Extentions.swift"; sourceTree = "<group>"; };
		D04416D324E73D03007B1B47 /* RepoTableViewCell.swift */ = {isa = PBXFileReference; lastKnownFileType = sourcecode.swift; path = RepoTableViewCell.swift; sourceTree = "<group>"; };
		D04416D424E73D03007B1B47 /* RepoTableViewCell.xib */ = {isa = PBXFileReference; lastKnownFileType = file.xib; path = RepoTableViewCell.xib; sourceTree = "<group>"; };
		D04416D724E73E9C007B1B47 /* RepoCellDataSource.swift */ = {isa = PBXFileReference; lastKnownFileType = sourcecode.swift; path = RepoCellDataSource.swift; sourceTree = "<group>"; };
		E72ECF8F7A88F7AA5632D434 /* Pods-GithubVIPERTests.release.xcconfig */ = {isa = PBXFileReference; includeInIndex = 1; lastKnownFileType = text.xcconfig; name = "Pods-GithubVIPERTests.release.xcconfig"; path = "Target Support Files/Pods-GithubVIPERTests/Pods-GithubVIPERTests.release.xcconfig"; sourceTree = "<group>"; };
		EB2CD519175EC8CE6D92EAD4 /* Pods_GithubVIPERTests.framework */ = {isa = PBXFileReference; explicitFileType = wrapper.framework; includeInIndex = 0; path = Pods_GithubVIPERTests.framework; sourceTree = BUILT_PRODUCTS_DIR; };
/* End PBXFileReference section */

/* Begin PBXFrameworksBuildPhase section */
		D044166124E6E5F3007B1B47 /* Frameworks */ = {
			isa = PBXFrameworksBuildPhase;
			buildActionMask = 2147483647;
			files = (
				B4887D6477411A6F8971393E /* Pods_GithubVIPER.framework in Frameworks */,
			);
			runOnlyForDeploymentPostprocessing = 0;
		};
		D044167724E6E5F7007B1B47 /* Frameworks */ = {
			isa = PBXFrameworksBuildPhase;
			buildActionMask = 2147483647;
			files = (
				70C31DE898469A7F1E5143F6 /* Pods_GithubVIPERTests.framework in Frameworks */,
			);
			runOnlyForDeploymentPostprocessing = 0;
		};
/* End PBXFrameworksBuildPhase section */

/* Begin PBXGroup section */
		72A3F4370E14CCA9C6CD9F4B /* Frameworks */ = {
			isa = PBXGroup;
			children = (
				4DFB77D90E2704B7197B1FD2 /* Pods_GithubVIPER.framework */,
				EB2CD519175EC8CE6D92EAD4 /* Pods_GithubVIPERTests.framework */,
			);
			name = Frameworks;
			sourceTree = "<group>";
		};
		97FBC5A2065ACF7C0C7C8A13 /* Pods */ = {
			isa = PBXGroup;
			children = (
				A2811C4FE4D4881ABC1224B6 /* Pods-GithubVIPER.debug.xcconfig */,
				2A466C628E4562505BDB7462 /* Pods-GithubVIPER.release.xcconfig */,
				2343A311F81C39AAEA30F305 /* Pods-GithubVIPERTests.debug.xcconfig */,
				E72ECF8F7A88F7AA5632D434 /* Pods-GithubVIPERTests.release.xcconfig */,
			);
			path = Pods;
			sourceTree = "<group>";
		};
		D039DB4524E7C76900211078 /* Entity */ = {
			isa = PBXGroup;
			children = (
				D039DB4C24E7CE1200211078 /* Repos.swift */,
				D039DB4724E7C7B000211078 /* FetchReposResponse.swift */,
				D039DB4624E7C7B000211078 /* Owner.swift */,
			);
			path = Entity;
			sourceTree = "<group>";
		};
		D039DB4E24E7E0E400211078 /* Details */ = {
			isa = PBXGroup;
			children = (
				D039DB4F24E7E0F600211078 /* DetailsPresenter.swift */,
				D039DB5024E7E0F600211078 /* DetailsRouter.swift */,
				D039DB5124E7E0F600211078 /* DetailsViewController.swift */,
				D039DB5224E7E0F600211078 /* DetailsProtocols.swift */,
				D039DB5324E7E0F600211078 /* DetailsInteractor.swift */,
				D039DB5424E7E0F600211078 /* DetailsConfig.swift */,
				D039DB5524E7E0F600211078 /* DetailsViewController.xib */,
			);
			path = Details;
			sourceTree = "<group>";
		};
		D044165B24E6E5F3007B1B47 = {
			isa = PBXGroup;
			children = (
				D044166624E6E5F3007B1B47 /* GithubVIPER */,
				D044167D24E6E5F7007B1B47 /* GithubVIPERTests */,
				D044166524E6E5F3007B1B47 /* Products */,
				97FBC5A2065ACF7C0C7C8A13 /* Pods */,
				72A3F4370E14CCA9C6CD9F4B /* Frameworks */,
			);
			sourceTree = "<group>";
		};
		D044166524E6E5F3007B1B47 /* Products */ = {
			isa = PBXGroup;
			children = (
				D044166424E6E5F3007B1B47 /* GithubVIPER.app */,
				D044167A24E6E5F7007B1B47 /* GithubVIPERTests.xctest */,
			);
			name = Products;
			sourceTree = "<group>";
		};
		D044166624E6E5F3007B1B47 /* GithubVIPER */ = {
			isa = PBXGroup;
			children = (
				D04416CB24E72E6A007B1B47 /* Extentions */,
				D04416B924E6EF1B007B1B47 /* Palette */,
				D04416A624E6ED9F007B1B47 /* Targets */,
				D04416A424E6ED92007B1B47 /* Modules */,
				D04416A024E6ECB8007B1B47 /* Widgets */,
				D044168924E6EBA6007B1B47 /* Base */,
				D044166724E6E5F3007B1B47 /* AppDelegate.swift */,
				D044166924E6E5F3007B1B47 /* SceneDelegate.swift */,
				D044166D24E6E5F3007B1B47 /* Main.storyboard */,
				D044167024E6E5F7007B1B47 /* Assets.xcassets */,
				D044167224E6E5F7007B1B47 /* LaunchScreen.storyboard */,
				D044167524E6E5F7007B1B47 /* Info.plist */,
			);
			path = GithubVIPER;
			sourceTree = "<group>";
		};
		D044167D24E6E5F7007B1B47 /* GithubVIPERTests */ = {
			isa = PBXGroup;
			children = (
				D044167E24E6E5F7007B1B47 /* GithubVIPERTests.swift */,
				D044168024E6E5F7007B1B47 /* Info.plist */,
			);
			path = GithubVIPERTests;
			sourceTree = "<group>";
		};
		D044168924E6EBA6007B1B47 /* Base */ = {
			isa = PBXGroup;
			children = (
				D044168A24E6EC64007B1B47 /* Config */,
				D044168E24E6EC64007B1B47 /* Constant */,
				D044168C24E6EC64007B1B47 /* Interactor */,
				D044169024E6EC64007B1B47 /* Model */,
				D044169624E6EC64007B1B47 /* Presenter */,
				D044169224E6EC64007B1B47 /* View */,
			);
			path = Base;
			sourceTree = "<group>";
		};
		D044168A24E6EC64007B1B47 /* Config */ = {
			isa = PBXGroup;
			children = (
				D044168B24E6EC64007B1B47 /* BaseConfig.swift */,
			);
			path = Config;
			sourceTree = "<group>";
		};
		D044168C24E6EC64007B1B47 /* Interactor */ = {
			isa = PBXGroup;
			children = (
				D044168D24E6EC64007B1B47 /* BaseInteractor.swift */,
			);
			path = Interactor;
			sourceTree = "<group>";
		};
		D044168E24E6EC64007B1B47 /* Constant */ = {
			isa = PBXGroup;
			children = (
				D044168F24E6EC64007B1B47 /* BaseConstant.swift */,
			);
			path = Constant;
			sourceTree = "<group>";
		};
		D044169024E6EC64007B1B47 /* Model */ = {
			isa = PBXGroup;
			children = (
				D044169124E6EC64007B1B47 /* BaseResponse.swift */,
			);
			path = Model;
			sourceTree = "<group>";
		};
		D044169224E6EC64007B1B47 /* View */ = {
			isa = PBXGroup;
			children = (
				D044169324E6EC64007B1B47 /* BaseViewController.swift */,
				D044169424E6EC64007B1B47 /* KeyboardViewController.swift */,
				D044169524E6EC64007B1B47 /* BaseView.swift */,
			);
			path = View;
			sourceTree = "<group>";
		};
		D044169624E6EC64007B1B47 /* Presenter */ = {
			isa = PBXGroup;
			children = (
				D044169724E6EC64007B1B47 /* BasePresenter.swift */,
			);
			path = Presenter;
			sourceTree = "<group>";
		};
		D04416A024E6ECB8007B1B47 /* Widgets */ = {
			isa = PBXGroup;
			children = (
				D04416A124E6ECB8007B1B47 /* CActivityIndicator */,
			);
			path = Widgets;
			sourceTree = "<group>";
		};
		D04416A124E6ECB8007B1B47 /* CActivityIndicator */ = {
			isa = PBXGroup;
			children = (
				D04416A224E6ECB8007B1B47 /* CActivityIndicator.swift */,
			);
			path = CActivityIndicator;
			sourceTree = "<group>";
		};
		D04416A424E6ED92007B1B47 /* Modules */ = {
			isa = PBXGroup;
			children = (
				D039DB4E24E7E0E400211078 /* Details */,
				D04416BC24E700F4007B1B47 /* Repo */,
				D04416A524E6ED9A007B1B47 /* Home */,
			);
			path = Modules;
			sourceTree = "<group>";
		};
		D04416A524E6ED9A007B1B47 /* Home */ = {
			isa = PBXGroup;
			children = (
				D04416AB24E6EE97007B1B47 /* HomePresenter.swift */,
				D04416AC24E6EE97007B1B47 /* HomeRouter.swift */,
				D04416AD24E6EE97007B1B47 /* HomeViewController.swift */,
				D04416AE24E6EE97007B1B47 /* HomeProtocols.swift */,
				D04416AF24E6EE97007B1B47 /* HomeInteractor.swift */,
				D04416B024E6EE97007B1B47 /* HomeConfig.swift */,
			);
			path = Home;
			sourceTree = "<group>";
		};
		D04416A624E6ED9F007B1B47 /* Targets */ = {
			isa = PBXGroup;
			children = (
				D04416A824E6EDDD007B1B47 /* AppTarget.swift */,
				D04416A724E6EDDD007B1B47 /* AppTargetConstant.swift */,
			);
			path = Targets;
			sourceTree = "<group>";
		};
		D04416B924E6EF1B007B1B47 /* Palette */ = {
			isa = PBXGroup;
			children = (
				D04416BA24E6EF39007B1B47 /* Palette.swift */,
			);
			path = Palette;
			sourceTree = "<group>";
		};
		D04416BC24E700F4007B1B47 /* Repo */ = {
			isa = PBXGroup;
			children = (
				D039DB4524E7C76900211078 /* Entity */,
				D04416D224E73CD7007B1B47 /* Cells */,
				D04416BD24E700FF007B1B47 /* RepoPresenter.swift */,
				D04416BE24E700FF007B1B47 /* RepoRouter.swift */,
				D04416BF24E700FF007B1B47 /* RepoViewController.swift */,
				D04416C024E700FF007B1B47 /* RepoProtocols.swift */,
				D04416C124E700FF007B1B47 /* RepoInteractor.swift */,
				D04416C224E700FF007B1B47 /* RepoConfig.swift */,
				D04416C324E700FF007B1B47 /* RepoViewController.xib */,
			);
			path = Repo;
			sourceTree = "<group>";
		};
		D04416CB24E72E6A007B1B47 /* Extentions */ = {
			isa = PBXGroup;
			children = (
				D04416CD24E72E7B007B1B47 /* Date+Extensions.swift */,
				D04416CC24E72E7B007B1B47 /* UIView+Extentions.swift */,
				D04416CE24E72E7B007B1B47 /* UIViewController+Extentions.swift */,
				D039DB4324E7C06A00211078 /* UISegmentedControl+Extentions.swift */,
			);
			path = Extentions;
			sourceTree = "<group>";
		};
		D04416D224E73CD7007B1B47 /* Cells */ = {
			isa = PBXGroup;
			children = (
				D04416D324E73D03007B1B47 /* RepoTableViewCell.swift */,
				D04416D424E73D03007B1B47 /* RepoTableViewCell.xib */,
				D04416D724E73E9C007B1B47 /* RepoCellDataSource.swift */,
			);
			path = Cells;
			sourceTree = "<group>";
		};
/* End PBXGroup section */

/* Begin PBXNativeTarget section */
		D044166324E6E5F3007B1B47 /* GithubVIPER */ = {
			isa = PBXNativeTarget;
			buildConfigurationList = D044168324E6E5F7007B1B47 /* Build configuration list for PBXNativeTarget "GithubVIPER" */;
			buildPhases = (
				48521B16D3C8F13CD1FD8E18 /* [CP] Check Pods Manifest.lock */,
				D044166024E6E5F3007B1B47 /* Sources */,
				D044166124E6E5F3007B1B47 /* Frameworks */,
				D044166224E6E5F3007B1B47 /* Resources */,
				BE5207C01A553A38A7BC6F6C /* [CP] Embed Pods Frameworks */,
			);
			buildRules = (
			);
			dependencies = (
			);
			name = GithubVIPER;
			productName = GithubVIPER;
			productReference = D044166424E6E5F3007B1B47 /* GithubVIPER.app */;
			productType = "com.apple.product-type.application";
		};
		D044167924E6E5F7007B1B47 /* GithubVIPERTests */ = {
			isa = PBXNativeTarget;
			buildConfigurationList = D044168624E6E5F7007B1B47 /* Build configuration list for PBXNativeTarget "GithubVIPERTests" */;
			buildPhases = (
				C0E1255C5BF1D158EBAFB4FA /* [CP] Check Pods Manifest.lock */,
				D044167624E6E5F7007B1B47 /* Sources */,
				D044167724E6E5F7007B1B47 /* Frameworks */,
				D044167824E6E5F7007B1B47 /* Resources */,
			);
			buildRules = (
			);
			dependencies = (
				D044167C24E6E5F7007B1B47 /* PBXTargetDependency */,
			);
			name = GithubVIPERTests;
			productName = GithubVIPERTests;
			productReference = D044167A24E6E5F7007B1B47 /* GithubVIPERTests.xctest */;
			productType = "com.apple.product-type.bundle.unit-test";
		};
/* End PBXNativeTarget section */

/* Begin PBXProject section */
		D044165C24E6E5F3007B1B47 /* Project object */ = {
			isa = PBXProject;
			attributes = {
				LastSwiftUpdateCheck = 1120;
				LastUpgradeCheck = 1120;
				ORGANIZATIONNAME = "Mena Gamal";
				TargetAttributes = {
					D044166324E6E5F3007B1B47 = {
						CreatedOnToolsVersion = 11.2.1;
					};
					D044167924E6E5F7007B1B47 = {
						CreatedOnToolsVersion = 11.2.1;
						TestTargetID = D044166324E6E5F3007B1B47;
					};
				};
			};
			buildConfigurationList = D044165F24E6E5F3007B1B47 /* Build configuration list for PBXProject "GithubVIPER" */;
			compatibilityVersion = "Xcode 9.3";
			developmentRegion = en;
			hasScannedForEncodings = 0;
			knownRegions = (
				en,
				Base,
			);
			mainGroup = D044165B24E6E5F3007B1B47;
			productRefGroup = D044166524E6E5F3007B1B47 /* Products */;
			projectDirPath = "";
			projectRoot = "";
			targets = (
				D044166324E6E5F3007B1B47 /* GithubVIPER */,
				D044167924E6E5F7007B1B47 /* GithubVIPERTests */,
			);
		};
/* End PBXProject section */

/* Begin PBXResourcesBuildPhase section */
		D044166224E6E5F3007B1B47 /* Resources */ = {
			isa = PBXResourcesBuildPhase;
			buildActionMask = 2147483647;
			files = (
				D04416CA24E700FF007B1B47 /* RepoViewController.xib in Resources */,
				D044167424E6E5F7007B1B47 /* LaunchScreen.storyboard in Resources */,
				D044167124E6E5F7007B1B47 /* Assets.xcassets in Resources */,
				D044166F24E6E5F3007B1B47 /* Main.storyboard in Resources */,
				D04416D624E73D03007B1B47 /* RepoTableViewCell.xib in Resources */,
				D039DB5C24E7E0F600211078 /* DetailsViewController.xib in Resources */,
			);
			runOnlyForDeploymentPostprocessing = 0;
		};
		D044167824E6E5F7007B1B47 /* Resources */ = {
			isa = PBXResourcesBuildPhase;
			buildActionMask = 2147483647;
			files = (
			);
			runOnlyForDeploymentPostprocessing = 0;
		};
/* End PBXResourcesBuildPhase section */

/* Begin PBXShellScriptBuildPhase section */
		48521B16D3C8F13CD1FD8E18 /* [CP] Check Pods Manifest.lock */ = {
			isa = PBXShellScriptBuildPhase;
			buildActionMask = 2147483647;
			files = (
			);
			inputFileListPaths = (
			);
			inputPaths = (
				"${PODS_PODFILE_DIR_PATH}/Podfile.lock",
				"${PODS_ROOT}/Manifest.lock",
			);
			name = "[CP] Check Pods Manifest.lock";
			outputFileListPaths = (
			);
			outputPaths = (
				"$(DERIVED_FILE_DIR)/Pods-GithubVIPER-checkManifestLockResult.txt",
			);
			runOnlyForDeploymentPostprocessing = 0;
			shellPath = /bin/sh;
			shellScript = "diff \"${PODS_PODFILE_DIR_PATH}/Podfile.lock\" \"${PODS_ROOT}/Manifest.lock\" > /dev/null\nif [ $? != 0 ] ; then\n    # print error to STDERR\n    echo \"error: The sandbox is not in sync with the Podfile.lock. Run 'pod install' or update your CocoaPods installation.\" >&2\n    exit 1\nfi\n# This output is used by Xcode 'outputs' to avoid re-running this script phase.\necho \"SUCCESS\" > \"${SCRIPT_OUTPUT_FILE_0}\"\n";
			showEnvVarsInLog = 0;
		};
		BE5207C01A553A38A7BC6F6C /* [CP] Embed Pods Frameworks */ = {
			isa = PBXShellScriptBuildPhase;
			buildActionMask = 2147483647;
			files = (
			);
			inputFileListPaths = (
				"${PODS_ROOT}/Target Support Files/Pods-GithubVIPER/Pods-GithubVIPER-frameworks-${CONFIGURATION}-input-files.xcfilelist",
			);
			name = "[CP] Embed Pods Frameworks";
			outputFileListPaths = (
				"${PODS_ROOT}/Target Support Files/Pods-GithubVIPER/Pods-GithubVIPER-frameworks-${CONFIGURATION}-output-files.xcfilelist",
			);
			runOnlyForDeploymentPostprocessing = 0;
			shellPath = /bin/sh;
			shellScript = "\"${PODS_ROOT}/Target Support Files/Pods-GithubVIPER/Pods-GithubVIPER-frameworks.sh\"\n";
			showEnvVarsInLog = 0;
		};
		C0E1255C5BF1D158EBAFB4FA /* [CP] Check Pods Manifest.lock */ = {
			isa = PBXShellScriptBuildPhase;
			buildActionMask = 2147483647;
			files = (
			);
			inputFileListPaths = (
			);
			inputPaths = (
				"${PODS_PODFILE_DIR_PATH}/Podfile.lock",
				"${PODS_ROOT}/Manifest.lock",
			);
			name = "[CP] Check Pods Manifest.lock";
			outputFileListPaths = (
			);
			outputPaths = (
				"$(DERIVED_FILE_DIR)/Pods-GithubVIPERTests-checkManifestLockResult.txt",
			);
			runOnlyForDeploymentPostprocessing = 0;
			shellPath = /bin/sh;
			shellScript = "diff \"${PODS_PODFILE_DIR_PATH}/Podfile.lock\" \"${PODS_ROOT}/Manifest.lock\" > /dev/null\nif [ $? != 0 ] ; then\n    # print error to STDERR\n    echo \"error: The sandbox is not in sync with the Podfile.lock. Run 'pod install' or update your CocoaPods installation.\" >&2\n    exit 1\nfi\n# This output is used by Xcode 'outputs' to avoid re-running this script phase.\necho \"SUCCESS\" > \"${SCRIPT_OUTPUT_FILE_0}\"\n";
			showEnvVarsInLog = 0;
		};
/* End PBXShellScriptBuildPhase section */

/* Begin PBXSourcesBuildPhase section */
		D044166024E6E5F3007B1B47 /* Sources */ = {
			isa = PBXSourcesBuildPhase;
			buildActionMask = 2147483647;
			files = (
				D044169824E6EC64007B1B47 /* BaseConfig.swift in Sources */,
				D039DB5924E7E0F600211078 /* DetailsProtocols.swift in Sources */,
				D04416B624E6EE97007B1B47 /* HomeInteractor.swift in Sources */,
				D044169924E6EC64007B1B47 /* BaseInteractor.swift in Sources */,
				D04416C624E700FF007B1B47 /* RepoViewController.swift in Sources */,
				D04416B424E6EE97007B1B47 /* HomeViewController.swift in Sources */,
				D04416C924E700FF007B1B47 /* RepoConfig.swift in Sources */,
				D04416C524E700FF007B1B47 /* RepoRouter.swift in Sources */,
				D04416B524E6EE97007B1B47 /* HomeProtocols.swift in Sources */,
				D04416B224E6EE97007B1B47 /* HomePresenter.swift in Sources */,
				D04416D024E72E7B007B1B47 /* Date+Extensions.swift in Sources */,
				D04416D124E72E7B007B1B47 /* UIViewController+Extentions.swift in Sources */,
				D044166824E6E5F3007B1B47 /* AppDelegate.swift in Sources */,
				D04416C724E700FF007B1B47 /* RepoProtocols.swift in Sources */,
				D039DB5824E7E0F600211078 /* DetailsViewController.swift in Sources */,
				D04416BB24E6EF39007B1B47 /* Palette.swift in Sources */,
				D04416B324E6EE97007B1B47 /* HomeRouter.swift in Sources */,
				D04416A924E6EDDD007B1B47 /* AppTargetConstant.swift in Sources */,
				D04416B724E6EE97007B1B47 /* HomeConfig.swift in Sources */,
				D04416C824E700FF007B1B47 /* RepoInteractor.swift in Sources */,
				D04416A324E6ECB8007B1B47 /* CActivityIndicator.swift in Sources */,
				D039DB4924E7C7B000211078 /* Owner.swift in Sources */,
				D039DB4D24E7CE1200211078 /* Repos.swift in Sources */,
				D044169D24E6EC64007B1B47 /* KeyboardViewController.swift in Sources */,
				D04416D824E73E9C007B1B47 /* RepoCellDataSource.swift in Sources */,
				D044169B24E6EC64007B1B47 /* BaseResponse.swift in Sources */,
				D04416C424E700FF007B1B47 /* RepoPresenter.swift in Sources */,
				D039DB5724E7E0F600211078 /* DetailsRouter.swift in Sources */,
				D044169C24E6EC64007B1B47 /* BaseViewController.swift in Sources */,
				D04416D524E73D03007B1B47 /* RepoTableViewCell.swift in Sources */,
				D044169E24E6EC64007B1B47 /* BaseView.swift in Sources */,
				D039DB4A24E7C7B000211078 /* FetchReposResponse.swift in Sources */,
				D04416AA24E6EDDD007B1B47 /* AppTarget.swift in Sources */,
				D044169A24E6EC64007B1B47 /* BaseConstant.swift in Sources */,
				D039DB5B24E7E0F600211078 /* DetailsConfig.swift in Sources */,
				D04416CF24E72E7B007B1B47 /* UIView+Extentions.swift in Sources */,
				D039DB5A24E7E0F600211078 /* DetailsInteractor.swift in Sources */,
				D039DB4424E7C06A00211078 /* UISegmentedControl+Extentions.swift in Sources */,
				D044166A24E6E5F3007B1B47 /* SceneDelegate.swift in Sources */,
				D044169F24E6EC64007B1B47 /* BasePresenter.swift in Sources */,
				D039DB5624E7E0F600211078 /* DetailsPresenter.swift in Sources */,
			);
			runOnlyForDeploymentPostprocessing = 0;
		};
		D044167624E6E5F7007B1B47 /* Sources */ = {
			isa = PBXSourcesBuildPhase;
			buildActionMask = 2147483647;
			files = (
				D044167F24E6E5F7007B1B47 /* GithubVIPERTests.swift in Sources */,
			);
			runOnlyForDeploymentPostprocessing = 0;
		};
/* End PBXSourcesBuildPhase section */

/* Begin PBXTargetDependency section */
		D044167C24E6E5F7007B1B47 /* PBXTargetDependency */ = {
			isa = PBXTargetDependency;
			target = D044166324E6E5F3007B1B47 /* GithubVIPER */;
			targetProxy = D044167B24E6E5F7007B1B47 /* PBXContainerItemProxy */;
		};
/* End PBXTargetDependency section */

/* Begin PBXVariantGroup section */
		D044166D24E6E5F3007B1B47 /* Main.storyboard */ = {
			isa = PBXVariantGroup;
			children = (
				D044166E24E6E5F3007B1B47 /* Base */,
			);
			name = Main.storyboard;
			sourceTree = "<group>";
		};
		D044167224E6E5F7007B1B47 /* LaunchScreen.storyboard */ = {
			isa = PBXVariantGroup;
			children = (
				D044167324E6E5F7007B1B47 /* Base */,
			);
			name = LaunchScreen.storyboard;
			sourceTree = "<group>";
		};
/* End PBXVariantGroup section */

/* Begin XCBuildConfiguration section */
		D044168124E6E5F7007B1B47 /* Debug */ = {
			isa = XCBuildConfiguration;
			buildSettings = {
				ALWAYS_SEARCH_USER_PATHS = NO;
				CLANG_ANALYZER_NONNULL = YES;
				CLANG_ANALYZER_NUMBER_OBJECT_CONVERSION = YES_AGGRESSIVE;
				CLANG_CXX_LANGUAGE_STANDARD = "gnu++14";
				CLANG_CXX_LIBRARY = "libc++";
				CLANG_ENABLE_MODULES = YES;
				CLANG_ENABLE_OBJC_ARC = YES;
				CLANG_ENABLE_OBJC_WEAK = YES;
				CLANG_WARN_BLOCK_CAPTURE_AUTORELEASING = YES;
				CLANG_WARN_BOOL_CONVERSION = YES;
				CLANG_WARN_COMMA = YES;
				CLANG_WARN_CONSTANT_CONVERSION = YES;
				CLANG_WARN_DEPRECATED_OBJC_IMPLEMENTATIONS = YES;
				CLANG_WARN_DIRECT_OBJC_ISA_USAGE = YES_ERROR;
				CLANG_WARN_DOCUMENTATION_COMMENTS = YES;
				CLANG_WARN_EMPTY_BODY = YES;
				CLANG_WARN_ENUM_CONVERSION = YES;
				CLANG_WARN_INFINITE_RECURSION = YES;
				CLANG_WARN_INT_CONVERSION = YES;
				CLANG_WARN_NON_LITERAL_NULL_CONVERSION = YES;
				CLANG_WARN_OBJC_IMPLICIT_RETAIN_SELF = YES;
				CLANG_WARN_OBJC_LITERAL_CONVERSION = YES;
				CLANG_WARN_OBJC_ROOT_CLASS = YES_ERROR;
				CLANG_WARN_RANGE_LOOP_ANALYSIS = YES;
				CLANG_WARN_STRICT_PROTOTYPES = YES;
				CLANG_WARN_SUSPICIOUS_MOVE = YES;
				CLANG_WARN_UNGUARDED_AVAILABILITY = YES_AGGRESSIVE;
				CLANG_WARN_UNREACHABLE_CODE = YES;
				CLANG_WARN__DUPLICATE_METHOD_MATCH = YES;
				COPY_PHASE_STRIP = NO;
				DEBUG_INFORMATION_FORMAT = dwarf;
				ENABLE_STRICT_OBJC_MSGSEND = YES;
				ENABLE_TESTABILITY = YES;
				GCC_C_LANGUAGE_STANDARD = gnu11;
				GCC_DYNAMIC_NO_PIC = NO;
				GCC_NO_COMMON_BLOCKS = YES;
				GCC_OPTIMIZATION_LEVEL = 0;
				GCC_PREPROCESSOR_DEFINITIONS = (
					"DEBUG=1",
					"$(inherited)",
				);
				GCC_WARN_64_TO_32_BIT_CONVERSION = YES;
				GCC_WARN_ABOUT_RETURN_TYPE = YES_ERROR;
				GCC_WARN_UNDECLARED_SELECTOR = YES;
				GCC_WARN_UNINITIALIZED_AUTOS = YES_AGGRESSIVE;
				GCC_WARN_UNUSED_FUNCTION = YES;
				GCC_WARN_UNUSED_VARIABLE = YES;
				IPHONEOS_DEPLOYMENT_TARGET = 13.2;
				MTL_ENABLE_DEBUG_INFO = INCLUDE_SOURCE;
				MTL_FAST_MATH = YES;
				ONLY_ACTIVE_ARCH = YES;
				SDKROOT = iphoneos;
				SWIFT_ACTIVE_COMPILATION_CONDITIONS = DEBUG;
				SWIFT_OPTIMIZATION_LEVEL = "-Onone";
			};
			name = Debug;
		};
		D044168224E6E5F7007B1B47 /* Release */ = {
			isa = XCBuildConfiguration;
			buildSettings = {
				ALWAYS_SEARCH_USER_PATHS = NO;
				CLANG_ANALYZER_NONNULL = YES;
				CLANG_ANALYZER_NUMBER_OBJECT_CONVERSION = YES_AGGRESSIVE;
				CLANG_CXX_LANGUAGE_STANDARD = "gnu++14";
				CLANG_CXX_LIBRARY = "libc++";
				CLANG_ENABLE_MODULES = YES;
				CLANG_ENABLE_OBJC_ARC = YES;
				CLANG_ENABLE_OBJC_WEAK = YES;
				CLANG_WARN_BLOCK_CAPTURE_AUTORELEASING = YES;
				CLANG_WARN_BOOL_CONVERSION = YES;
				CLANG_WARN_COMMA = YES;
				CLANG_WARN_CONSTANT_CONVERSION = YES;
				CLANG_WARN_DEPRECATED_OBJC_IMPLEMENTATIONS = YES;
				CLANG_WARN_DIRECT_OBJC_ISA_USAGE = YES_ERROR;
				CLANG_WARN_DOCUMENTATION_COMMENTS = YES;
				CLANG_WARN_EMPTY_BODY = YES;
				CLANG_WARN_ENUM_CONVERSION = YES;
				CLANG_WARN_INFINITE_RECURSION = YES;
				CLANG_WARN_INT_CONVERSION = YES;
				CLANG_WARN_NON_LITERAL_NULL_CONVERSION = YES;
				CLANG_WARN_OBJC_IMPLICIT_RETAIN_SELF = YES;
				CLANG_WARN_OBJC_LITERAL_CONVERSION = YES;
				CLANG_WARN_OBJC_ROOT_CLASS = YES_ERROR;
				CLANG_WARN_RANGE_LOOP_ANALYSIS = YES;
				CLANG_WARN_STRICT_PROTOTYPES = YES;
				CLANG_WARN_SUSPICIOUS_MOVE = YES;
				CLANG_WARN_UNGUARDED_AVAILABILITY = YES_AGGRESSIVE;
				CLANG_WARN_UNREACHABLE_CODE = YES;
				CLANG_WARN__DUPLICATE_METHOD_MATCH = YES;
				COPY_PHASE_STRIP = NO;
				DEBUG_INFORMATION_FORMAT = "dwarf-with-dsym";
				ENABLE_NS_ASSERTIONS = NO;
				ENABLE_STRICT_OBJC_MSGSEND = YES;
				GCC_C_LANGUAGE_STANDARD = gnu11;
				GCC_NO_COMMON_BLOCKS = YES;
				GCC_WARN_64_TO_32_BIT_CONVERSION = YES;
				GCC_WARN_ABOUT_RETURN_TYPE = YES_ERROR;
				GCC_WARN_UNDECLARED_SELECTOR = YES;
				GCC_WARN_UNINITIALIZED_AUTOS = YES_AGGRESSIVE;
				GCC_WARN_UNUSED_FUNCTION = YES;
				GCC_WARN_UNUSED_VARIABLE = YES;
				IPHONEOS_DEPLOYMENT_TARGET = 13.2;
				MTL_ENABLE_DEBUG_INFO = NO;
				MTL_FAST_MATH = YES;
				SDKROOT = iphoneos;
				SWIFT_COMPILATION_MODE = wholemodule;
				SWIFT_OPTIMIZATION_LEVEL = "-O";
				VALIDATE_PRODUCT = YES;
			};
			name = Release;
		};
		D044168424E6E5F7007B1B47 /* Debug */ = {
			isa = XCBuildConfiguration;
			baseConfigurationReference = A2811C4FE4D4881ABC1224B6 /* Pods-GithubVIPER.debug.xcconfig */;
			buildSettings = {
				ASSETCATALOG_COMPILER_APPICON_NAME = AppIcon;
				CODE_SIGN_STYLE = Automatic;
				DEVELOPMENT_TEAM = RHBB3377R2;
				INFOPLIST_FILE = GithubVIPER/Info.plist;
				LD_RUNPATH_SEARCH_PATHS = (
					"$(inherited)",
					"@executable_path/Frameworks",
				);
				PRODUCT_BUNDLE_IDENTIFIER = sa.waqood.coins.GithubVIPER;
				PRODUCT_NAME = "$(TARGET_NAME)";
				SWIFT_VERSION = 5.0;
				TARGETED_DEVICE_FAMILY = "1,2";
			};
			name = Debug;
		};
		D044168524E6E5F7007B1B47 /* Release */ = {
			isa = XCBuildConfiguration;
			baseConfigurationReference = 2A466C628E4562505BDB7462 /* Pods-GithubVIPER.release.xcconfig */;
			buildSettings = {
				ASSETCATALOG_COMPILER_APPICON_NAME = AppIcon;
				CODE_SIGN_STYLE = Automatic;
				DEVELOPMENT_TEAM = RHBB3377R2;
				INFOPLIST_FILE = GithubVIPER/Info.plist;
				LD_RUNPATH_SEARCH_PATHS = (
					"$(inherited)",
					"@executable_path/Frameworks",
				);
				PRODUCT_BUNDLE_IDENTIFIER = sa.waqood.coins.GithubVIPER;
				PRODUCT_NAME = "$(TARGET_NAME)";
				SWIFT_VERSION = 5.0;
				TARGETED_DEVICE_FAMILY = "1,2";
			};
			name = Release;
		};
		D044168724E6E5F7007B1B47 /* Debug */ = {
			isa = XCBuildConfiguration;
			baseConfigurationReference = 2343A311F81C39AAEA30F305 /* Pods-GithubVIPERTests.debug.xcconfig */;
			buildSettings = {
				ALWAYS_EMBED_SWIFT_STANDARD_LIBRARIES = YES;
				BUNDLE_LOADER = "$(TEST_HOST)";
				CODE_SIGN_STYLE = Automatic;
				DEVELOPMENT_TEAM = RHBB3377R2;
				INFOPLIST_FILE = GithubVIPERTests/Info.plist;
				IPHONEOS_DEPLOYMENT_TARGET = 13.2;
				LD_RUNPATH_SEARCH_PATHS = (
					"$(inherited)",
					"@executable_path/Frameworks",
					"@loader_path/Frameworks",
				);
				PRODUCT_BUNDLE_IDENTIFIER = sa.waqood.coins.GithubVIPERTests;
				PRODUCT_NAME = "$(TARGET_NAME)";
				SWIFT_VERSION = 5.0;
				TARGETED_DEVICE_FAMILY = "1,2";
				TEST_HOST = "$(BUILT_PRODUCTS_DIR)/GithubVIPER.app/GithubVIPER";
			};
			name = Debug;
		};
		D044168824E6E5F7007B1B47 /* Release */ = {
			isa = XCBuildConfiguration;
			baseConfigurationReference = E72ECF8F7A88F7AA5632D434 /* Pods-GithubVIPERTests.release.xcconfig */;
			buildSettings = {
				ALWAYS_EMBED_SWIFT_STANDARD_LIBRARIES = YES;
				BUNDLE_LOADER = "$(TEST_HOST)";
				CODE_SIGN_STYLE = Automatic;
				DEVELOPMENT_TEAM = RHBB3377R2;
				INFOPLIST_FILE = GithubVIPERTests/Info.plist;
				IPHONEOS_DEPLOYMENT_TARGET = 13.2;
				LD_RUNPATH_SEARCH_PATHS = (
					"$(inherited)",
					"@executable_path/Frameworks",
					"@loader_path/Frameworks",
				);
				PRODUCT_BUNDLE_IDENTIFIER = sa.waqood.coins.GithubVIPERTests;
				PRODUCT_NAME = "$(TARGET_NAME)";
				SWIFT_VERSION = 5.0;
				TARGETED_DEVICE_FAMILY = "1,2";
				TEST_HOST = "$(BUILT_PRODUCTS_DIR)/GithubVIPER.app/GithubVIPER";
			};
			name = Release;
		};
/* End XCBuildConfiguration section */

/* Begin XCConfigurationList section */
		D044165F24E6E5F3007B1B47 /* Build configuration list for PBXProject "GithubVIPER" */ = {
			isa = XCConfigurationList;
			buildConfigurations = (
				D044168124E6E5F7007B1B47 /* Debug */,
				D044168224E6E5F7007B1B47 /* Release */,
			);
			defaultConfigurationIsVisible = 0;
			defaultConfigurationName = Release;
		};
		D044168324E6E5F7007B1B47 /* Build configuration list for PBXNativeTarget "GithubVIPER" */ = {
			isa = XCConfigurationList;
			buildConfigurations = (
				D044168424E6E5F7007B1B47 /* Debug */,
				D044168524E6E5F7007B1B47 /* Release */,
			);
			defaultConfigurationIsVisible = 0;
			defaultConfigurationName = Release;
		};
		D044168624E6E5F7007B1B47 /* Build configuration list for PBXNativeTarget "GithubVIPERTests" */ = {
			isa = XCConfigurationList;
			buildConfigurations = (
				D044168724E6E5F7007B1B47 /* Debug */,
				D044168824E6E5F7007B1B47 /* Release */,
			);
			defaultConfigurationIsVisible = 0;
			defaultConfigurationName = Release;
		};
/* End XCConfigurationList section */
	};
	rootObject = D044165C24E6E5F3007B1B47 /* Project object */;
}
